
Microsoft Visual Studio Solution File, Format Version 12.00
# Visual Studio Version 17
VisualStudioVersion = 17.5.33502.453
MinimumVisualStudioVersion = 10.0.40219.1
Project("{FAE04EC0-301F-11D3-BF4B-00C04F79EFBC}") = "RPI-Notifier", "RPI-Notifier.csproj", "{9C18059F-16F5-4E9A-88FB-AE278427FF18}"
EndProject
Global
	GlobalSection(SolutionConfigurationPlatforms) = preSolution
		Debug|Any CPU = Debug|Any CPU
		Release|Any CPU = Release|Any CPU
	EndGlobalSection
	GlobalSection(ProjectConfigurationPlatforms) = postSolution
		{9C18059F-16F5-4E9A-88FB-AE278427FF18}.Debug|Any CPU.ActiveCfg = Debug|Any CPU
		{9C18059F-16F5-4E9A-88FB-AE278427FF18}.Debug|Any CPU.Build.0 = Debug|Any CPU
		{9C18059F-16F5-4E9A-88FB-AE278427FF18}.Release|Any CPU.ActiveCfg = Release|Any CPU
		{9C18059F-16F5-4E9A-88FB-AE278427FF18}.Release|Any CPU.Build.0 = Release|Any CPU
	EndGlobalSection
	GlobalSection(SolutionProperties) = preSolution
		HideSolutionNode = FALSE
	EndGlobalSection
	GlobalSection(ExtensibilityGlobals) = postSolution
		SolutionGuid = {0A2D7F69-DBCB-480B-B88B-593ED1A9DDA5}
	EndGlobalSection
EndGlobal
